
Microsoft Visual Studio Solution File, Format Version 12.00
# Visual Studio Version 16
VisualStudioVersion = 16.0.30011.22
MinimumVisualStudioVersion = 10.0.40219.1
Project("{FAE04EC0-301F-11D3-BF4B-00C04F79EFBC}") = "TTN_QLTV", "TTN_QLTV\TTN_QLTV.csproj", "{AC91603C-B49D-4661-8B81-65895C05FE2E}"
EndProject
Global
	GlobalSection(SolutionConfigurationPlatforms) = preSolution
		Debug|Any CPU = Debug|Any CPU
		Release|Any CPU = Release|Any CPU
	EndGlobalSection
	GlobalSection(ProjectConfigurationPlatforms) = postSolution
		{AC91603C-B49D-4661-8B81-65895C05FE2E}.Debug|Any CPU.ActiveCfg = Debug|Any CPU
		{AC91603C-B49D-4661-8B81-65895C05FE2E}.Debug|Any CPU.Build.0 = Debug|Any CPU
		{AC91603C-B49D-4661-8B81-65895C05FE2E}.Release|Any CPU.ActiveCfg = Release|Any CPU
		{AC91603C-B49D-4661-8B81-65895C05FE2E}.Release|Any CPU.Build.0 = Release|Any CPU
	EndGlobalSection
	GlobalSection(SolutionProperties) = preSolution
		HideSolutionNode = FALSE
	EndGlobalSection
	GlobalSection(ExtensibilityGlobals) = postSolution
		SolutionGuid = {2B847C52-D78A-40D1-BCCC-A9D57F99229B}
	EndGlobalSection
EndGlobal
